{
    "_readme": [
        "This file locks the dependencies of your project to a known state",
        "Read more about it at https://getcomposer.org/doc/01-basic-usage.md#composer-lock-the-lock-file",
        "This file is @generated automatically"
    ],
    "hash": "7907b3b08060ba04667007e007b166d5",
    "content-hash": "e256876507978b469a9a2a11748165e0",
    "packages": [
        {
            "name": "joomla/database",
            "version": "1.3.0",
            "source": {
                "type": "git",
                "url": "https://github.com/joomla-framework/database.git",
                "reference": "c1be3fe74ef29deb8a60007a54a30851aa111d68"
            },
            "dist": {
                "type": "zip",
                "url": "https://api.github.com/repos/joomla-framework/database/zipball/c1be3fe74ef29deb8a60007a54a30851aa111d68",
                "reference": "c1be3fe74ef29deb8a60007a54a30851aa111d68",
                "shasum": ""
            },
            "require": {
                "php": ">=5.3.10",
                "psr/log": "~1.0"
            },
            "require-dev": {
                "joomla/test": "~1.0",
                "phpunit/dbunit": "~1.2",
                "phpunit/phpunit": "4.*",
                "squizlabs/php_codesniffer": "1.*"
            },
            "type": "joomla-package",
            "extra": {
                "branch-alias": {
                    "dev-master": "1.x-dev"
                }
            },
            "autoload": {
                "psr-4": {
                    "Joomla\\Database\\": "src/",
                    "Joomla\\Database\\Tests\\": "Tests/"
                }
            },
            "notification-url": "https://packagist.org/downloads/",
            "license": [
                "GPL-2.0+"
            ],
            "description": "Joomla Database Package",
            "homepage": "https://github.com/joomla-framework/database",
            "keywords": [
                "database",
                "framework",
                "joomla"
            ],
            "time": "2015-12-31 17:41:40"
        },
        {
            "name": "psr/log",
            "version": "1.0.0",
            "source": {
                "type": "git",
                "url": "https://github.com/php-fig/log.git",
                "reference": "fe0936ee26643249e916849d48e3a51d5f5e278b"
            },
            "dist": {
                "type": "zip",
                "url": "https://api.github.com/repos/php-fig/log/zipball/fe0936ee26643249e916849d48e3a51d5f5e278b",
                "reference": "fe0936ee26643249e916849d48e3a51d5f5e278b",
                "shasum": ""
            },
            "type": "library",
            "autoload": {
                "psr-0": {
                    "Psr\\Log\\": ""
                }
            },
            "notification-url": "https://packagist.org/downloads/",
            "license": [
                "MIT"
            ],
            "authors": [
                {
                    "name": "PHP-FIG",
                    "homepage": "http://www.php-fig.org/"
                }
            ],
            "description": "Common interface for logging libraries",
            "keywords": [
                "log",
                "psr",
                "psr-3"
            ],
            "time": "2012-12-21 11:40:51"
        }
    ],
    "packages-dev": [],
    "aliases": [],
    "minimum-stability": "stable",
    "stability-flags": [],
    "prefer-stable": false,
    "prefer-lowest": false,
    "platform": [],
    "platform-dev": []
}
